// !$*UTF8*$!
{
	archiveVersion = 1;
	classes = {
	};
	objectVersion = 50;
	objects = {

/* Begin PBXBuildFile section */
		D3FCA08C22A3037400DF9415 /* AppDelegate.swift in Sources */ = {isa = PBXBuildFile; fileRef = D3FCA08B22A3037400DF9415 /* AppDelegate.swift */; };
		D3FCA09122A3037400DF9415 /* Main.storyboard in Resources */ = {isa = PBXBuildFile; fileRef = D3FCA08F22A3037400DF9415 /* Main.storyboard */; };
		D3FCA09422A3037400DF9415 /* Hello_World.xcdatamodeld in Sources */ = {isa = PBXBuildFile; fileRef = D3FCA09222A3037400DF9415 /* Hello_World.xcdatamodeld */; };
		D3FCA09622A3037D00DF9415 /* Assets.xcassets in Resources */ = {isa = PBXBuildFile; fileRef = D3FCA09522A3037D00DF9415 /* Assets.xcassets */; };
		D3FCA09922A3037D00DF9415 /* LaunchScreen.storyboard in Resources */ = {isa = PBXBuildFile; fileRef = D3FCA09722A3037D00DF9415 /* LaunchScreen.storyboard */; };
		D3FCA0A422A3037E00DF9415 /* Hello_WorldUITests.swift in Sources */ = {isa = PBXBuildFile; fileRef = D3FCA0A322A3037E00DF9415 /* Hello_WorldUITests.swift */; };
		D3FCA0AF22A313DD00DF9415 /* HelloWorldViewController.swift in Sources */ = {isa = PBXBuildFile; fileRef = D3FCA0AE22A313DD00DF9415 /* HelloWorldViewController.swift */; };
/* End PBXBuildFile section */

/* Begin PBXContainerItemProxy section */
		D3FCA0A022A3037E00DF9415 /* PBXContainerItemProxy */ = {
			isa = PBXContainerItemProxy;
			containerPortal = D3FCA08022A3037300DF9415 /* Project object */;
			proxyType = 1;
			remoteGlobalIDString = D3FCA08722A3037300DF9415;
			remoteInfo = "Hello World";
		};
/* End PBXContainerItemProxy section */

/* Begin PBXFileReference section */
		D3FCA08822A3037400DF9415 /* Hello World.app */ = {isa = PBXFileReference; explicitFileType = wrapper.application; includeInIndex = 0; path = "Hello World.app"; sourceTree = BUILT_PRODUCTS_DIR; };
		D3FCA08B22A3037400DF9415 /* AppDelegate.swift */ = {isa = PBXFileReference; lastKnownFileType = sourcecode.swift; path = AppDelegate.swift; sourceTree = "<group>"; };
		D3FCA09022A3037400DF9415 /* Base */ = {isa = PBXFileReference; lastKnownFileType = file.storyboard; name = Base; path = Base.lproj/Main.storyboard; sourceTree = "<group>"; };
		D3FCA09322A3037400DF9415 /* Hello_World.xcdatamodel */ = {isa = PBXFileReference; lastKnownFileType = wrapper.xcdatamodel; path = Hello_World.xcdatamodel; sourceTree = "<group>"; };
		D3FCA09522A3037D00DF9415 /* Assets.xcassets */ = {isa = PBXFileReference; lastKnownFileType = folder.assetcatalog; path = Assets.xcassets; sourceTree = "<group>"; };
		D3FCA09822A3037D00DF9415 /* Base */ = {isa = PBXFileReference; lastKnownFileType = file.storyboard; name = Base; path = Base.lproj/LaunchScreen.storyboard; sourceTree = "<group>"; };
		D3FCA09A22A3037D00DF9415 /* Info.plist */ = {isa = PBXFileReference; lastKnownFileType = text.plist.xml; path = Info.plist; sourceTree = "<group>"; };
		D3FCA09F22A3037E00DF9415 /* Hello WorldUITests.xctest */ = {isa = PBXFileReference; explicitFileType = wrapper.cfbundle; includeInIndex = 0; path = "Hello WorldUITests.xctest"; sourceTree = BUILT_PRODUCTS_DIR; };
		D3FCA0A322A3037E00DF9415 /* Hello_WorldUITests.swift */ = {isa = PBXFileReference; lastKnownFileType = sourcecode.swift; path = Hello_WorldUITests.swift; sourceTree = "<group>"; };
		D3FCA0A522A3037E00DF9415 /* Info.plist */ = {isa = PBXFileReference; lastKnownFileType = text.plist.xml; path = Info.plist; sourceTree = "<group>"; };
		D3FCA0AE22A313DD00DF9415 /* HelloWorldViewController.swift */ = {isa = PBXFileReference; lastKnownFileType = sourcecode.swift; path = HelloWorldViewController.swift; sourceTree = "<group>"; };
/* End PBXFileReference section */

/* Begin PBXFrameworksBuildPhase section */
		D3FCA08522A3037300DF9415 /* Frameworks */ = {
			isa = PBXFrameworksBuildPhase;
			buildActionMask = 2147483647;
			files = (
			);
			runOnlyForDeploymentPostprocessing = 0;
		};
		D3FCA09C22A3037E00DF9415 /* Frameworks */ = {
			isa = PBXFrameworksBuildPhase;
			buildActionMask = 2147483647;
			files = (
			);
			runOnlyForDeploymentPostprocessing = 0;
		};
/* End PBXFrameworksBuildPhase section */

/* Begin PBXGroup section */
		D3FCA07F22A3037300DF9415 = {
			isa = PBXGroup;
			children = (
				D3FCA08A22A3037400DF9415 /* Hello World */,
				D3FCA0A222A3037E00DF9415 /* Hello WorldUITests */,
				D3FCA08922A3037400DF9415 /* Products */,
			);
			sourceTree = "<group>";
		};
		D3FCA08922A3037400DF9415 /* Products */ = {
			isa = PBXGroup;
			children = (
				D3FCA08822A3037400DF9415 /* Hello World.app */,
				D3FCA09F22A3037E00DF9415 /* Hello WorldUITests.xctest */,
			);
			name = Products;
			sourceTree = "<group>";
		};
		D3FCA08A22A3037400DF9415 /* Hello World */ = {
			isa = PBXGroup;
			children = (
				D3FCA08B22A3037400DF9415 /* AppDelegate.swift */,
				D3FCA08F22A3037400DF9415 /* Main.storyboard */,
				D3FCA09522A3037D00DF9415 /* Assets.xcassets */,
				D3FCA09722A3037D00DF9415 /* LaunchScreen.storyboard */,
				D3FCA09A22A3037D00DF9415 /* Info.plist */,
				D3FCA09222A3037400DF9415 /* Hello_World.xcdatamodeld */,
				D3FCA0AE22A313DD00DF9415 /* HelloWorldViewController.swift */,
			);
			path = "Hello World";
			sourceTree = "<group>";
		};
		D3FCA0A222A3037E00DF9415 /* Hello WorldUITests */ = {
			isa = PBXGroup;
			children = (
				D3FCA0A322A3037E00DF9415 /* Hello_WorldUITests.swift */,
				D3FCA0A522A3037E00DF9415 /* Info.plist */,
			);
			path = "Hello WorldUITests";
			sourceTree = "<group>";
		};
/* End PBXGroup section */

/* Begin PBXNativeTarget section */
		D3FCA08722A3037300DF9415 /* Hello World */ = {
			isa = PBXNativeTarget;
			buildConfigurationList = D3FCA0A822A3037E00DF9415 /* Build configuration list for PBXNativeTarget "Hello World" */;
			buildPhases = (
				D3FCA08422A3037300DF9415 /* Sources */,
				D3FCA08522A3037300DF9415 /* Frameworks */,
				D3FCA08622A3037300DF9415 /* Resources */,
			);
			buildRules = (
			);
			dependencies = (
			);
			name = "Hello World";
			productName = "Hello World";
			productReference = D3FCA08822A3037400DF9415 /* Hello World.app */;
			productType = "com.apple.product-type.application";
		};
		D3FCA09E22A3037E00DF9415 /* Hello WorldUITests */ = {
			isa = PBXNativeTarget;
			buildConfigurationList = D3FCA0AB22A3037E00DF9415 /* Build configuration list for PBXNativeTarget "Hello WorldUITests" */;
			buildPhases = (
				D3FCA09B22A3037E00DF9415 /* Sources */,
				D3FCA09C22A3037E00DF9415 /* Frameworks */,
				D3FCA09D22A3037E00DF9415 /* Resources */,
			);
			buildRules = (
			);
			dependencies = (
				D3FCA0A122A3037E00DF9415 /* PBXTargetDependency */,
			);
			name = "Hello WorldUITests";
			productName = "Hello WorldUITests";
			productReference = D3FCA09F22A3037E00DF9415 /* Hello WorldUITests.xctest */;
			productType = "com.apple.product-type.bundle.ui-testing";
		};
/* End PBXNativeTarget section */

/* Begin PBXProject section */
		D3FCA08022A3037300DF9415 /* Project object */ = {
			isa = PBXProject;
			attributes = {
				LastSwiftUpdateCheck = 1020;
				LastUpgradeCheck = 1020;
				ORGANIZATIONNAME = "Brian Jiang";
				TargetAttributes = {
					D3FCA08722A3037300DF9415 = {
						CreatedOnToolsVersion = 10.2.1;
					};
					D3FCA09E22A3037E00DF9415 = {
						CreatedOnToolsVersion = 10.2.1;
						TestTargetID = D3FCA08722A3037300DF9415;
					};
				};
			};
			buildConfigurationList = D3FCA08322A3037300DF9415 /* Build configuration list for PBXProject "Hello World" */;
			compatibilityVersion = "Xcode 9.3";
			developmentRegion = en;
			hasScannedForEncodings = 0;
			knownRegions = (
				en,
				Base,
			);
			mainGroup = D3FCA07F22A3037300DF9415;
			productRefGroup = D3FCA08922A3037400DF9415 /* Products */;
			projectDirPath = "";
			projectRoot = "";
			targets = (
				D3FCA08722A3037300DF9415 /* Hello World */,
				D3FCA09E22A3037E00DF9415 /* Hello WorldUITests */,
			);
		};
/* End PBXProject section */

/* Begin PBXResourcesBuildPhase section */
		D3FCA08622A3037300DF9415 /* Resources */ = {
			isa = PBXResourcesBuildPhase;
			buildActionMask = 2147483647;
			files = (
				D3FCA09922A3037D00DF9415 /* LaunchScreen.storyboard in Resources */,
				D3FCA09622A3037D00DF9415 /* Assets.xcassets in Resources */,
				D3FCA09122A3037400DF9415 /* Main.storyboard in Resources */,
			);
			runOnlyForDeploymentPostprocessing = 0;
		};
		D3FCA09D22A3037E00DF9415 /* Resources */ = {
			isa = PBXResourcesBuildPhase;
			buildActionMask = 2147483647;
			files = (
			);
			runOnlyForDeploymentPostprocessing = 0;
		};
/* End PBXResourcesBuildPhase section */

/* Begin PBXSourcesBuildPhase section */
		D3FCA08422A3037300DF9415 /* Sources */ = {
			isa = PBXSourcesBuildPhase;
			buildActionMask = 2147483647;
			files = (
				D3FCA09422A3037400DF9415 /* Hello_World.xcdatamodeld in Sources */,
				D3FCA08C22A3037400DF9415 /* AppDelegate.swift in Sources */,
				D3FCA0AF22A313DD00DF9415 /* HelloWorldViewController.swift in Sources */,
			);
			runOnlyForDeploymentPostprocessing = 0;
		};
		D3FCA09B22A3037E00DF9415 /* Sources */ = {
			isa = PBXSourcesBuildPhase;
			buildActionMask = 2147483647;
			files = (
				D3FCA0A422A3037E00DF9415 /* Hello_WorldUITests.swift in Sources */,
			);
			runOnlyForDeploymentPostprocessing = 0;
		};
/* End PBXSourcesBuildPhase section */

/* Begin PBXTargetDependency section */
		D3FCA0A122A3037E00DF9415 /* PBXTargetDependency */ = {
			isa = PBXTargetDependency;
			target = D3FCA08722A3037300DF9415 /* Hello World */;
			targetProxy = D3FCA0A022A3037E00DF9415 /* PBXContainerItemProxy */;
		};
/* End PBXTargetDependency section */

/* Begin PBXVariantGroup section */
		D3FCA08F22A3037400DF9415 /* Main.storyboard */ = {
			isa = PBXVariantGroup;
			children = (
				D3FCA09022A3037400DF9415 /* Base */,
			);
			name = Main.storyboard;
			sourceTree = "<group>";
		};
		D3FCA09722A3037D00DF9415 /* LaunchScreen.storyboard */ = {
			isa = PBXVariantGroup;
			children = (
				D3FCA09822A3037D00DF9415 /* Base */,
			);
			name = LaunchScreen.storyboard;
			sourceTree = "<group>";
		};
/* End PBXVariantGroup section */

/* Begin XCBuildConfiguration section */
		D3FCA0A622A3037E00DF9415 /* Debug */ = {
			isa = XCBuildConfiguration;
			buildSettings = {
				ALWAYS_SEARCH_USER_PATHS = NO;
				CLANG_ANALYZER_NONNULL = YES;
				CLANG_ANALYZER_NUMBER_OBJECT_CONVERSION = YES_AGGRESSIVE;
				CLANG_CXX_LANGUAGE_STANDARD = "gnu++14";
				CLANG_CXX_LIBRARY = "libc++";
				CLANG_ENABLE_MODULES = YES;
				CLANG_ENABLE_OBJC_ARC = YES;
				CLANG_ENABLE_OBJC_WEAK = YES;
				CLANG_WARN_BLOCK_CAPTURE_AUTORELEASING = YES;
				CLANG_WARN_BOOL_CONVERSION = YES;
				CLANG_WARN_COMMA = YES;
				CLANG_WARN_CONSTANT_CONVERSION = YES;
				CLANG_WARN_DEPRECATED_OBJC_IMPLEMENTATIONS = YES;
				CLANG_WARN_DIRECT_OBJC_ISA_USAGE = YES_ERROR;
				CLANG_WARN_DOCUMENTATION_COMMENTS = YES;
				CLANG_WARN_EMPTY_BODY = YES;
				CLANG_WARN_ENUM_CONVERSION = YES;
				CLANG_WARN_INFINITE_RECURSION = YES;
				CLANG_WARN_INT_CONVERSION = YES;
				CLANG_WARN_NON_LITERAL_NULL_CONVERSION = YES;
				CLANG_WARN_OBJC_IMPLICIT_RETAIN_SELF = YES;
				CLANG_WARN_OBJC_LITERAL_CONVERSION = YES;
				CLANG_WARN_OBJC_ROOT_CLASS = YES_ERROR;
				CLANG_WARN_RANGE_LOOP_ANALYSIS = YES;
				CLANG_WARN_STRICT_PROTOTYPES = YES;
				CLANG_WARN_SUSPICIOUS_MOVE = YES;
				CLANG_WARN_UNGUARDED_AVAILABILITY = YES_AGGRESSIVE;
				CLANG_WARN_UNREACHABLE_CODE = YES;
				CLANG_WARN__DUPLICATE_METHOD_MATCH = YES;
				CODE_SIGN_IDENTITY = "iPhone Developer";
				COPY_PHASE_STRIP = NO;
				DEBUG_INFORMATION_FORMAT = dwarf;
				ENABLE_STRICT_OBJC_MSGSEND = YES;
				ENABLE_TESTABILITY = YES;
				GCC_C_LANGUAGE_STANDARD = gnu11;
				GCC_DYNAMIC_NO_PIC = NO;
				GCC_NO_COMMON_BLOCKS = YES;
				GCC_OPTIMIZATION_LEVEL = 0;
				GCC_PREPROCESSOR_DEFINITIONS = (
					"DEBUG=1",
					"$(inherited)",
				);
				GCC_WARN_64_TO_32_BIT_CONVERSION = YES;
				GCC_WARN_ABOUT_RETURN_TYPE = YES_ERROR;
				GCC_WARN_UNDECLARED_SELECTOR = YES;
				GCC_WARN_UNINITIALIZED_AUTOS = YES_AGGRESSIVE;
				GCC_WARN_UNUSED_FUNCTION = YES;
				GCC_WARN_UNUSED_VARIABLE = YES;
				IPHONEOS_DEPLOYMENT_TARGET = 12.2;
				MTL_ENABLE_DEBUG_INFO = INCLUDE_SOURCE;
				MTL_FAST_MATH = YES;
				ONLY_ACTIVE_ARCH = YES;
				SDKROOT = iphoneos;
				SWIFT_ACTIVE_COMPILATION_CONDITIONS = DEBUG;
				SWIFT_OPTIMIZATION_LEVEL = "-Onone";
			};
			name = Debug;
		};
		D3FCA0A722A3037E00DF9415 /* Release */ = {
			isa = XCBuildConfiguration;
			buildSettings = {
				ALWAYS_SEARCH_USER_PATHS = NO;
				CLANG_ANALYZER_NONNULL = YES;
				CLANG_ANALYZER_NUMBER_OBJECT_CONVERSION = YES_AGGRESSIVE;
				CLANG_CXX_LANGUAGE_STANDARD = "gnu++14";
				CLANG_CXX_LIBRARY = "libc++";
				CLANG_ENABLE_MODULES = YES;
				CLANG_ENABLE_OBJC_ARC = YES;
				CLANG_ENABLE_OBJC_WEAK = YES;
				CLANG_WARN_BLOCK_CAPTURE_AUTORELEASING = YES;
				CLANG_WARN_BOOL_CONVERSION = YES;
				CLANG_WARN_COMMA = YES;
				CLANG_WARN_CONSTANT_CONVERSION = YES;
				CLANG_WARN_DEPRECATED_OBJC_IMPLEMENTATIONS = YES;
				CLANG_WARN_DIRECT_OBJC_ISA_USAGE = YES_ERROR;
				CLANG_WARN_DOCUMENTATION_COMMENTS = YES;
				CLANG_WARN_EMPTY_BODY = YES;
				CLANG_WARN_ENUM_CONVERSION = YES;
				CLANG_WARN_INFINITE_RECURSION = YES;
				CLANG_WARN_INT_CONVERSION = YES;
				CLANG_WARN_NON_LITERAL_NULL_CONVERSION = YES;
				CLANG_WARN_OBJC_IMPLICIT_RETAIN_SELF = YES;
				CLANG_WARN_OBJC_LITERAL_CONVERSION = YES;
				CLANG_WARN_OBJC_ROOT_CLASS = YES_ERROR;
				CLANG_WARN_RANGE_LOOP_ANALYSIS = YES;
				CLANG_WARN_STRICT_PROTOTYPES = YES;
				CLANG_WARN_SUSPICIOUS_MOVE = YES;
				CLANG_WARN_UNGUARDED_AVAILABILITY = YES_AGGRESSIVE;
				CLANG_WARN_UNREACHABLE_CODE = YES;
				CLANG_WARN__DUPLICATE_METHOD_MATCH = YES;
				CODE_SIGN_IDENTITY = "iPhone Developer";
				COPY_PHASE_STRIP = NO;
				DEBUG_INFORMATION_FORMAT = "dwarf-with-dsym";
				ENABLE_NS_ASSERTIONS = NO;
				ENABLE_STRICT_OBJC_MSGSEND = YES;
				GCC_C_LANGUAGE_STANDARD = gnu11;
				GCC_NO_COMMON_BLOCKS = YES;
				GCC_WARN_64_TO_32_BIT_CONVERSION = YES;
				GCC_WARN_ABOUT_RETURN_TYPE = YES_ERROR;
				GCC_WARN_UNDECLARED_SELECTOR = YES;
				GCC_WARN_UNINITIALIZED_AUTOS = YES_AGGRESSIVE;
				GCC_WARN_UNUSED_FUNCTION = YES;
				GCC_WARN_UNUSED_VARIABLE = YES;
				IPHONEOS_DEPLOYMENT_TARGET = 12.2;
				MTL_ENABLE_DEBUG_INFO = NO;
				MTL_FAST_MATH = YES;
				SDKROOT = iphoneos;
				SWIFT_COMPILATION_MODE = wholemodule;
				SWIFT_OPTIMIZATION_LEVEL = "-O";
				VALIDATE_PRODUCT = YES;
			};
			name = Release;
		};
		D3FCA0A922A3037E00DF9415 /* Debug */ = {
			isa = XCBuildConfiguration;
			buildSettings = {
				ASSETCATALOG_COMPILER_APPICON_NAME = AppIcon;
				CODE_SIGN_STYLE = Automatic;
				DEVELOPMENT_TEAM = 8NBVF3Y9BD;
				INFOPLIST_FILE = "Hello World/Info.plist";
				LD_RUNPATH_SEARCH_PATHS = (
					"$(inherited)",
					"@executable_path/Frameworks",
				);
				PRODUCT_BUNDLE_IDENTIFIER = "edu.missouri.engineering.Hello-World";
				PRODUCT_NAME = "$(TARGET_NAME)";
				SWIFT_VERSION = 5.0;
				TARGETED_DEVICE_FAMILY = "1,2";
			};
			name = Debug;
		};
		D3FCA0AA22A3037E00DF9415 /* Release */ = {
			isa = XCBuildConfiguration;
			buildSettings = {
				ASSETCATALOG_COMPILER_APPICON_NAME = AppIcon;
				CODE_SIGN_STYLE = Automatic;
				DEVELOPMENT_TEAM = 8NBVF3Y9BD;
				INFOPLIST_FILE = "Hello World/Info.plist";
				LD_RUNPATH_SEARCH_PATHS = (
					"$(inherited)",
					"@executable_path/Frameworks",
				);
				PRODUCT_BUNDLE_IDENTIFIER = "edu.missouri.engineering.Hello-World";
				PRODUCT_NAME = "$(TARGET_NAME)";
				SWIFT_VERSION = 5.0;
				TARGETED_DEVICE_FAMILY = "1,2";
			};
			name = Release;
		};
		D3FCA0AC22A3037E00DF9415 /* Debug */ = {
			isa = XCBuildConfiguration;
			buildSettings = {
				ALWAYS_EMBED_SWIFT_STANDARD_LIBRARIES = YES;
				CODE_SIGN_STYLE = Automatic;
				DEVELOPMENT_TEAM = 8NBVF3Y9BD;
				INFOPLIST_FILE = "Hello WorldUITests/Info.plist";
				LD_RUNPATH_SEARCH_PATHS = (
					"$(inherited)",
					"@executable_path/Frameworks",
					"@loader_path/Frameworks",
				);
				PRODUCT_BUNDLE_IDENTIFIER = "edu.missouri.engineering.Hello-WorldUITests";
				PRODUCT_NAME = "$(TARGET_NAME)";
				SWIFT_VERSION = 5.0;
				TARGETED_DEVICE_FAMILY = "1,2";
				TEST_TARGET_NAME = "Hello World";
			};
			name = Debug;
		};
		D3FCA0AD22A3037E00DF9415 /* Release */ = {
			isa = XCBuildConfiguration;
			buildSettings = {
				ALWAYS_EMBED_SWIFT_STANDARD_LIBRARIES = YES;
				CODE_SIGN_STYLE = Automatic;
				DEVELOPMENT_TEAM = 8NBVF3Y9BD;
				INFOPLIST_FILE = "Hello WorldUITests/Info.plist";
				LD_RUNPATH_SEARCH_PATHS = (
					"$(inherited)",
					"@executable_path/Frameworks",
					"@loader_path/Frameworks",
				);
				PRODUCT_BUNDLE_IDENTIFIER = "edu.missouri.engineering.Hello-WorldUITests";
				PRODUCT_NAME = "$(TARGET_NAME)";
				SWIFT_VERSION = 5.0;
				TARGETED_DEVICE_FAMILY = "1,2";
				TEST_TARGET_NAME = "Hello World";
			};
			name = Release;
		};
/* End XCBuildConfiguration section */

/* Begin XCConfigurationList section */
		D3FCA08322A3037300DF9415 /* Build configuration list for PBXProject "Hello World" */ = {
			isa = XCConfigurationList;
			buildConfigurations = (
				D3FCA0A622A3037E00DF9415 /* Debug */,
				D3FCA0A722A3037E00DF9415 /* Release */,
			);
			defaultConfigurationIsVisible = 0;
			defaultConfigurationName = Release;
		};
		D3FCA0A822A3037E00DF9415 /* Build configuration list for PBXNativeTarget "Hello World" */ = {
			isa = XCConfigurationList;
			buildConfigurations = (
				D3FCA0A922A3037E00DF9415 /* Debug */,
				D3FCA0AA22A3037E00DF9415 /* Release */,
			);
			defaultConfigurationIsVisible = 0;
			defaultConfigurationName = Release;
		};
		D3FCA0AB22A3037E00DF9415 /* Build configuration list for PBXNativeTarget "Hello WorldUITests" */ = {
			isa = XCConfigurationList;
			buildConfigurations = (
				D3FCA0AC22A3037E00DF9415 /* Debug */,
				D3FCA0AD22A3037E00DF9415 /* Release */,
			);
			defaultConfigurationIsVisible = 0;
			defaultConfigurationName = Release;
		};
/* End XCConfigurationList section */

/* Begin XCVersionGroup section */
		D3FCA09222A3037400DF9415 /* Hello_World.xcdatamodeld */ = {
			isa = XCVersionGroup;
			children = (
				D3FCA09322A3037400DF9415 /* Hello_World.xcdatamodel */,
			);
			currentVersion = D3FCA09322A3037400DF9415 /* Hello_World.xcdatamodel */;
			path = Hello_World.xcdatamodeld;
			sourceTree = "<group>";
			versionGroupType = wrapper.xcdatamodel;
		};
/* End XCVersionGroup section */
	};
	rootObject = D3FCA08022A3037300DF9415 /* Project object */;
}
